
Microsoft Visual Studio Solution File, Format Version 12.00
# Visual Studio Version 17
VisualStudioVersion = 17.0.32014.148
MinimumVisualStudioVersion = 10.0.40219.1
Project("{FAE04EC0-301F-11D3-BF4B-00C04F79EFBC}") = "solv-v1", "solv-v1\solv-v1.csproj", "{D650FBCB-C820-4A0F-B72B-77130F7FC25D}"
EndProject
Global
	GlobalSection(SolutionConfigurationPlatforms) = preSolution
		Debug|Any CPU = Debug|Any CPU
		Release|Any CPU = Release|Any CPU
	EndGlobalSection
	GlobalSection(ProjectConfigurationPlatforms) = postSolution
		{D650FBCB-C820-4A0F-B72B-77130F7FC25D}.Debug|Any CPU.ActiveCfg = Debug|Any CPU
		{D650FBCB-C820-4A0F-B72B-77130F7FC25D}.Debug|Any CPU.Build.0 = Debug|Any CPU
		{D650FBCB-C820-4A0F-B72B-77130F7FC25D}.Release|Any CPU.ActiveCfg = Release|Any CPU
		{D650FBCB-C820-4A0F-B72B-77130F7FC25D}.Release|Any CPU.Build.0 = Release|Any CPU
	EndGlobalSection
	GlobalSection(SolutionProperties) = preSolution
		HideSolutionNode = FALSE
	EndGlobalSection
	GlobalSection(ExtensibilityGlobals) = postSolution
		SolutionGuid = {7CB6F383-A77A-4B16-ACC0-6A2349BD3939}
	EndGlobalSection
EndGlobal
